
Microsoft Visual Studio Solution File, Format Version 12.00
# Visual Studio Version 16
VisualStudioVersion = 16.0.31911.196
MinimumVisualStudioVersion = 10.0.40219.1
Project("{FAE04EC0-301F-11D3-BF4B-00C04F79EFBC}") = "CRUDv3", "CRUDv3\CRUDv3.csproj", "{A3BAB9AF-5F0F-462C-967D-28FE89D6636E}"
EndProject
Global
	GlobalSection(SolutionConfigurationPlatforms) = preSolution
		Debug|Any CPU = Debug|Any CPU
		Release|Any CPU = Release|Any CPU
	EndGlobalSection
	GlobalSection(ProjectConfigurationPlatforms) = postSolution
		{A3BAB9AF-5F0F-462C-967D-28FE89D6636E}.Debug|Any CPU.ActiveCfg = Debug|Any CPU
		{A3BAB9AF-5F0F-462C-967D-28FE89D6636E}.Debug|Any CPU.Build.0 = Debug|Any CPU
		{A3BAB9AF-5F0F-462C-967D-28FE89D6636E}.Release|Any CPU.ActiveCfg = Release|Any CPU
		{A3BAB9AF-5F0F-462C-967D-28FE89D6636E}.Release|Any CPU.Build.0 = Release|Any CPU
	EndGlobalSection
	GlobalSection(SolutionProperties) = preSolution
		HideSolutionNode = FALSE
	EndGlobalSection
	GlobalSection(ExtensibilityGlobals) = postSolution
		SolutionGuid = {28F053AC-E609-42EF-9E04-5B6668C3D887}
	EndGlobalSection
EndGlobal
